
Microsoft Visual Studio Solution File, Format Version 12.00
# Visual Studio Version 16
VisualStudioVersion = 16.0.30413.136
MinimumVisualStudioVersion = 10.0.40219.1
Project("{FAE04EC0-301F-11D3-BF4B-00C04F79EFBC}") = "Parcial_Onlypans_MariaAlejandra", "Parcial_Onlypans_MariaAlejandra.csproj", "{EF574485-E9DB-4617-8190-5AF5B322118D}"
EndProject
Global
	GlobalSection(SolutionConfigurationPlatforms) = preSolution
		Debug|Any CPU = Debug|Any CPU
		Release|Any CPU = Release|Any CPU
	EndGlobalSection
	GlobalSection(ProjectConfigurationPlatforms) = postSolution
		{EF574485-E9DB-4617-8190-5AF5B322118D}.Debug|Any CPU.ActiveCfg = Debug|Any CPU
		{EF574485-E9DB-4617-8190-5AF5B322118D}.Debug|Any CPU.Build.0 = Debug|Any CPU
		{EF574485-E9DB-4617-8190-5AF5B322118D}.Release|Any CPU.ActiveCfg = Release|Any CPU
		{EF574485-E9DB-4617-8190-5AF5B322118D}.Release|Any CPU.Build.0 = Release|Any CPU
	EndGlobalSection
	GlobalSection(SolutionProperties) = preSolution
		HideSolutionNode = FALSE
	EndGlobalSection
	GlobalSection(ExtensibilityGlobals) = postSolution
		SolutionGuid = {E2F0B7A2-1A09-4048-9F56-1C416EC5CACA}
	EndGlobalSection
EndGlobal
